
Microsoft Visual Studio Solution File, Format Version 12.00
# Visual Studio 15
VisualStudioVersion = 15.0.27130.2027
MinimumVisualStudioVersion = 10.0.40219.1
Project("{FAE04EC0-301F-11D3-BF4B-00C04F79EFBC}") = "RazorPAges", "RazorPAges\RazorPAges.csproj", "{896701E5-438F-4B09-9053-ED23F122496A}"
EndProject
Global
	GlobalSection(SolutionConfigurationPlatforms) = preSolution
		Debug|Any CPU = Debug|Any CPU
		Release|Any CPU = Release|Any CPU
	EndGlobalSection
	GlobalSection(ProjectConfigurationPlatforms) = postSolution
		{896701E5-438F-4B09-9053-ED23F122496A}.Debug|Any CPU.ActiveCfg = Debug|Any CPU
		{896701E5-438F-4B09-9053-ED23F122496A}.Debug|Any CPU.Build.0 = Debug|Any CPU
		{896701E5-438F-4B09-9053-ED23F122496A}.Release|Any CPU.ActiveCfg = Release|Any CPU
		{896701E5-438F-4B09-9053-ED23F122496A}.Release|Any CPU.Build.0 = Release|Any CPU
	EndGlobalSection
	GlobalSection(SolutionProperties) = preSolution
		HideSolutionNode = FALSE
	EndGlobalSection
	GlobalSection(ExtensibilityGlobals) = postSolution
		SolutionGuid = {8454DAA6-0B00-4F0D-86F2-0B372DFEC84F}
	EndGlobalSection
EndGlobal
